// !$*UTF8*$!
{
	archiveVersion = 1;
	classes = {
	};
	objectVersion = 46;
	objects = {

/* Begin PBXBuildFile section */
		DF6BF8A11D22C0BF008085E0 /* main.m in Sources */ = {isa = PBXBuildFile; fileRef = DF6BF8A01D22C0BE008085E0 /* main.m */; };
		DF6BF8A41D22C0BF008085E0 /* AppDelegate.m in Sources */ = {isa = PBXBuildFile; fileRef = DF6BF8A31D22C0BF008085E0 /* AppDelegate.m */; };
		DF6BF8A71D22C0BF008085E0 /* AgeViewController.m in Sources */ = {isa = PBXBuildFile; fileRef = DF6BF8A61D22C0BF008085E0 /* AgeViewController.m */; };
		DF6BF8AA1D22C0BF008085E0 /* Main.storyboard in Resources */ = {isa = PBXBuildFile; fileRef = DF6BF8A81D22C0BF008085E0 /* Main.storyboard */; };
		DF6BF8AC1D22C0BF008085E0 /* Assets.xcassets in Resources */ = {isa = PBXBuildFile; fileRef = DF6BF8AB1D22C0BF008085E0 /* Assets.xcassets */; };
		DF6BF8AF1D22C0BF008085E0 /* LaunchScreen.storyboard in Resources */ = {isa = PBXBuildFile; fileRef = DF6BF8AD1D22C0BF008085E0 /* LaunchScreen.storyboard */; };
/* End PBXBuildFile section */

/* Begin PBXFileReference section */
		DF6BF89C1D22C0BE008085E0 /* AgeCalculator.app */ = {isa = PBXFileReference; explicitFileType = wrapper.application; includeInIndex = 0; path = AgeCalculator.app; sourceTree = BUILT_PRODUCTS_DIR; };
		DF6BF8A01D22C0BE008085E0 /* main.m */ = {isa = PBXFileReference; lastKnownFileType = sourcecode.c.objc; path = main.m; sourceTree = "<group>"; };
		DF6BF8A21D22C0BF008085E0 /* AppDelegate.h */ = {isa = PBXFileReference; lastKnownFileType = sourcecode.c.h; path = AppDelegate.h; sourceTree = "<group>"; };
		DF6BF8A31D22C0BF008085E0 /* AppDelegate.m */ = {isa = PBXFileReference; lastKnownFileType = sourcecode.c.objc; path = AppDelegate.m; sourceTree = "<group>"; };
		DF6BF8A51D22C0BF008085E0 /* AgeViewController.h */ = {isa = PBXFileReference; lastKnownFileType = sourcecode.c.h; path = AgeViewController.h; sourceTree = "<group>"; };
		DF6BF8A61D22C0BF008085E0 /* AgeViewController.m */ = {isa = PBXFileReference; lastKnownFileType = sourcecode.c.objc; path = AgeViewController.m; sourceTree = "<group>"; };
		DF6BF8A91D22C0BF008085E0 /* Base */ = {isa = PBXFileReference; lastKnownFileType = file.storyboard; name = Base; path = Base.lproj/Main.storyboard; sourceTree = "<group>"; };
		DF6BF8AB1D22C0BF008085E0 /* Assets.xcassets */ = {isa = PBXFileReference; lastKnownFileType = folder.assetcatalog; path = Assets.xcassets; sourceTree = "<group>"; };
		DF6BF8AE1D22C0BF008085E0 /* Base */ = {isa = PBXFileReference; lastKnownFileType = file.storyboard; name = Base; path = Base.lproj/LaunchScreen.storyboard; sourceTree = "<group>"; };
		DF6BF8B01D22C0BF008085E0 /* Info.plist */ = {isa = PBXFileReference; lastKnownFileType = text.plist.xml; path = Info.plist; sourceTree = "<group>"; };
/* End PBXFileReference section */

/* Begin PBXFrameworksBuildPhase section */
		DF6BF8991D22C0BE008085E0 /* Frameworks */ = {
			isa = PBXFrameworksBuildPhase;
			buildActionMask = 2147483647;
			files = (
			);
			runOnlyForDeploymentPostprocessing = 0;
		};
/* End PBXFrameworksBuildPhase section */

/* Begin PBXGroup section */
		DF6BF8931D22C0BE008085E0 = {
			isa = PBXGroup;
			children = (
				DF6BF89E1D22C0BE008085E0 /* AgeCalculator */,
				DF6BF89D1D22C0BE008085E0 /* Products */,
			);
			sourceTree = "<group>";
		};
		DF6BF89D1D22C0BE008085E0 /* Products */ = {
			isa = PBXGroup;
			children = (
				DF6BF89C1D22C0BE008085E0 /* AgeCalculator.app */,
			);
			name = Products;
			sourceTree = "<group>";
		};
		DF6BF89E1D22C0BE008085E0 /* AgeCalculator */ = {
			isa = PBXGroup;
			children = (
				DF6BF8A21D22C0BF008085E0 /* AppDelegate.h */,
				DF6BF8A31D22C0BF008085E0 /* AppDelegate.m */,
				DF6BF8A51D22C0BF008085E0 /* AgeViewController.h */,
				DF6BF8A61D22C0BF008085E0 /* AgeViewController.m */,
				DF6BF8A81D22C0BF008085E0 /* Main.storyboard */,
				DF6BF8AB1D22C0BF008085E0 /* Assets.xcassets */,
				DF6BF8AD1D22C0BF008085E0 /* LaunchScreen.storyboard */,
				DF6BF8B01D22C0BF008085E0 /* Info.plist */,
				DF6BF89F1D22C0BE008085E0 /* Supporting Files */,
			);
			path = AgeCalculator;
			sourceTree = "<group>";
		};
		DF6BF89F1D22C0BE008085E0 /* Supporting Files */ = {
			isa = PBXGroup;
			children = (
				DF6BF8A01D22C0BE008085E0 /* main.m */,
			);
			name = "Supporting Files";
			sourceTree = "<group>";
		};
/* End PBXGroup section */

/* Begin PBXNativeTarget section */
		DF6BF89B1D22C0BE008085E0 /* AgeCalculator */ = {
			isa = PBXNativeTarget;
			buildConfigurationList = DF6BF8B31D22C0BF008085E0 /* Build configuration list for PBXNativeTarget "AgeCalculator" */;
			buildPhases = (
				DF6BF8981D22C0BE008085E0 /* Sources */,
				DF6BF8991D22C0BE008085E0 /* Frameworks */,
				DF6BF89A1D22C0BE008085E0 /* Resources */,
			);
			buildRules = (
			);
			dependencies = (
			);
			name = AgeCalculator;
			productName = AgeCalculator;
			productReference = DF6BF89C1D22C0BE008085E0 /* AgeCalculator.app */;
			productType = "com.apple.product-type.application";
		};
/* End PBXNativeTarget section */

/* Begin PBXProject section */
		DF6BF8941D22C0BE008085E0 /* Project object */ = {
			isa = PBXProject;
			attributes = {
				LastUpgradeCheck = 0730;
				ORGANIZATIONNAME = "The Iron Yard";
				TargetAttributes = {
					DF6BF89B1D22C0BE008085E0 = {
						CreatedOnToolsVersion = 7.3.1;
					};
				};
			};
			buildConfigurationList = DF6BF8971D22C0BE008085E0 /* Build configuration list for PBXProject "AgeCalculator" */;
			compatibilityVersion = "Xcode 3.2";
			developmentRegion = English;
			hasScannedForEncodings = 0;
			knownRegions = (
				en,
				Base,
			);
			mainGroup = DF6BF8931D22C0BE008085E0;
			productRefGroup = DF6BF89D1D22C0BE008085E0 /* Products */;
			projectDirPath = "";
			projectRoot = "";
			targets = (
				DF6BF89B1D22C0BE008085E0 /* AgeCalculator */,
			);
		};
/* End PBXProject section */

/* Begin PBXResourcesBuildPhase section */
		DF6BF89A1D22C0BE008085E0 /* Resources */ = {
			isa = PBXResourcesBuildPhase;
			buildActionMask = 2147483647;
			files = (
				DF6BF8AF1D22C0BF008085E0 /* LaunchScreen.storyboard in Resources */,
				DF6BF8AC1D22C0BF008085E0 /* Assets.xcassets in Resources */,
				DF6BF8AA1D22C0BF008085E0 /* Main.storyboard in Resources */,
			);
			runOnlyForDeploymentPostprocessing = 0;
		};
/* End PBXResourcesBuildPhase section */

/* Begin PBXSourcesBuildPhase section */
		DF6BF8981D22C0BE008085E0 /* Sources */ = {
			isa = PBXSourcesBuildPhase;
			buildActionMask = 2147483647;
			files = (
				DF6BF8A71D22C0BF008085E0 /* AgeViewController.m in Sources */,
				DF6BF8A41D22C0BF008085E0 /* AppDelegate.m in Sources */,
				DF6BF8A11D22C0BF008085E0 /* main.m in Sources */,
			);
			runOnlyForDeploymentPostprocessing = 0;
		};
/* End PBXSourcesBuildPhase section */

/* Begin PBXVariantGroup section */
		DF6BF8A81D22C0BF008085E0 /* Main.storyboard */ = {
			isa = PBXVariantGroup;
			children = (
				DF6BF8A91D22C0BF008085E0 /* Base */,
			);
			name = Main.storyboard;
			sourceTree = "<group>";
		};
		DF6BF8AD1D22C0BF008085E0 /* LaunchScreen.storyboard */ = {
			isa = PBXVariantGroup;
			children = (
				DF6BF8AE1D22C0BF008085E0 /* Base */,
			);
			name = LaunchScreen.storyboard;
			sourceTree = "<group>";
		};
/* End PBXVariantGroup section */

/* Begin XCBuildConfiguration section */
		DF6BF8B11D22C0BF008085E0 /* Debug */ = {
			isa = XCBuildConfiguration;
			buildSettings = {
				ALWAYS_SEARCH_USER_PATHS = NO;
				CLANG_ANALYZER_NONNULL = YES;
				CLANG_CXX_LANGUAGE_STANDARD = "gnu++0x";
				CLANG_CXX_LIBRARY = "libc++";
				CLANG_ENABLE_MODULES = YES;
				CLANG_ENABLE_OBJC_ARC = YES;
				CLANG_WARN_BOOL_CONVERSION = YES;
				CLANG_WARN_CONSTANT_CONVERSION = YES;
				CLANG_WARN_DIRECT_OBJC_ISA_USAGE = YES_ERROR;
				CLANG_WARN_EMPTY_BODY = YES;
				CLANG_WARN_ENUM_CONVERSION = YES;
				CLANG_WARN_INT_CONVERSION = YES;
				CLANG_WARN_OBJC_ROOT_CLASS = YES_ERROR;
				CLANG_WARN_UNREACHABLE_CODE = YES;
				CLANG_WARN__DUPLICATE_METHOD_MATCH = YES;
				"CODE_SIGN_IDENTITY[sdk=iphoneos*]" = "iPhone Developer";
				COPY_PHASE_STRIP = NO;
				DEBUG_INFORMATION_FORMAT = dwarf;
				ENABLE_STRICT_OBJC_MSGSEND = YES;
				ENABLE_TESTABILITY = YES;
				GCC_C_LANGUAGE_STANDARD = gnu99;
				GCC_DYNAMIC_NO_PIC = NO;
				GCC_NO_COMMON_BLOCKS = YES;
				GCC_OPTIMIZATION_LEVEL = 0;
				GCC_PREPROCESSOR_DEFINITIONS = (
					"DEBUG=1",
					"$(inherited)",
				);
				GCC_WARN_64_TO_32_BIT_CONVERSION = YES;
				GCC_WARN_ABOUT_RETURN_TYPE = YES_ERROR;
				GCC_WARN_UNDECLARED_SELECTOR = YES;
				GCC_WARN_UNINITIALIZED_AUTOS = YES_AGGRESSIVE;
				GCC_WARN_UNUSED_FUNCTION = YES;
				GCC_WARN_UNUSED_VARIABLE = YES;
				IPHONEOS_DEPLOYMENT_TARGET = 9.3;
				MTL_ENABLE_DEBUG_INFO = YES;
				ONLY_ACTIVE_ARCH = YES;
				SDKROOT = iphoneos;
			};
			name = Debug;
		};
		DF6BF8B21D22C0BF008085E0 /* Release */ = {
			isa = XCBuildConfiguration;
			buildSettings = {
				ALWAYS_SEARCH_USER_PATHS = NO;
				CLANG_ANALYZER_NONNULL = YES;
				CLANG_CXX_LANGUAGE_STANDARD = "gnu++0x";
				CLANG_CXX_LIBRARY = "libc++";
				CLANG_ENABLE_MODULES = YES;
				CLANG_ENABLE_OBJC_ARC = YES;
				CLANG_WARN_BOOL_CONVERSION = YES;
				CLANG_WARN_CONSTANT_CONVERSION = YES;
				CLANG_WARN_DIRECT_OBJC_ISA_USAGE = YES_ERROR;
				CLANG_WARN_EMPTY_BODY = YES;
				CLANG_WARN_ENUM_CONVERSION = YES;
				CLANG_WARN_INT_CONVERSION = YES;
				CLANG_WARN_OBJC_ROOT_CLASS = YES_ERROR;
				CLANG_WARN_UNREACHABLE_CODE = YES;
				CLANG_WARN__DUPLICATE_METHOD_MATCH = YES;
				"CODE_SIGN_IDENTITY[sdk=iphoneos*]" = "iPhone Developer";
				COPY_PHASE_STRIP = NO;
				DEBUG_INFORMATION_FORMAT = "dwarf-with-dsym";
				ENABLE_NS_ASSERTIONS = NO;
				ENABLE_STRICT_OBJC_MSGSEND = YES;
				GCC_C_LANGUAGE_STANDARD = gnu99;
				GCC_NO_COMMON_BLOCKS = YES;
				GCC_WARN_64_TO_32_BIT_CONVERSION = YES;
				GCC_WARN_ABOUT_RETURN_TYPE = YES_ERROR;
				GCC_WARN_UNDECLARED_SELECTOR = YES;
				GCC_WARN_UNINITIALIZED_AUTOS = YES_AGGRESSIVE;
				GCC_WARN_UNUSED_FUNCTION = YES;
				GCC_WARN_UNUSED_VARIABLE = YES;
				IPHONEOS_DEPLOYMENT_TARGET = 9.3;
				MTL_ENABLE_DEBUG_INFO = NO;
				SDKROOT = iphoneos;
				VALIDATE_PRODUCT = YES;
			};
			name = Release;
		};
		DF6BF8B41D22C0BF008085E0 /* Debug */ = {
			isa = XCBuildConfiguration;
			buildSettings = {
				ASSETCATALOG_COMPILER_APPICON_NAME = AppIcon;
				INFOPLIST_FILE = AgeCalculator/Info.plist;
				IPHONEOS_DEPLOYMENT_TARGET = 9.3;
				LD_RUNPATH_SEARCH_PATHS = "$(inherited) @executable_path/Frameworks";
				PRODUCT_BUNDLE_IDENTIFIER = com.tiy.AgeCalculator;
				PRODUCT_NAME = "$(TARGET_NAME)";
			};
			name = Debug;
		};
		DF6BF8B51D22C0BF008085E0 /* Release */ = {
			isa = XCBuildConfiguration;
			buildSettings = {
				ASSETCATALOG_COMPILER_APPICON_NAME = AppIcon;
				INFOPLIST_FILE = AgeCalculator/Info.plist;
				IPHONEOS_DEPLOYMENT_TARGET = 9.3;
				LD_RUNPATH_SEARCH_PATHS = "$(inherited) @executable_path/Frameworks";
				PRODUCT_BUNDLE_IDENTIFIER = com.tiy.AgeCalculator;
				PRODUCT_NAME = "$(TARGET_NAME)";
			};
			name = Release;
		};
/* End XCBuildConfiguration section */

/* Begin XCConfigurationList section */
		DF6BF8971D22C0BE008085E0 /* Build configuration list for PBXProject "AgeCalculator" */ = {
			isa = XCConfigurationList;
			buildConfigurations = (
				DF6BF8B11D22C0BF008085E0 /* Debug */,
				DF6BF8B21D22C0BF008085E0 /* Release */,
			);
			defaultConfigurationIsVisible = 0;
			defaultConfigurationName = Release;
		};
		DF6BF8B31D22C0BF008085E0 /* Build configuration list for PBXNativeTarget "AgeCalculator" */ = {
			isa = XCConfigurationList;
			buildConfigurations = (
				DF6BF8B41D22C0BF008085E0 /* Debug */,
				DF6BF8B51D22C0BF008085E0 /* Release */,
			);
			defaultConfigurationIsVisible = 0;
			defaultConfigurationName = Release;
		};
/* End XCConfigurationList section */
	};
	rootObject = DF6BF8941D22C0BE008085E0 /* Project object */;
}
